
Microsoft Visual Studio Solution File, Format Version 12.00
# Visual Studio Version 17
VisualStudioVersion = 17.1.32421.90
MinimumVisualStudioVersion = 10.0.40219.1
Project("{8BC9CEB8-8B4A-11D0-8D11-00A0C91BC942}") = "AISD_LAB2_SEM4", "AISD_LAB2_SEM4\AISD_LAB2_SEM4.vcxproj", "{BADD5150-858B-4562-89C8-A8B2AE3F1C81}"
EndProject
Project("{8BC9CEB8-8B4A-11D0-8D11-00A0C91BC942}") = "UnitTests", "UnitTests\UnitTests.vcxproj", "{3A48B5EB-809A-4233-995E-C8DDAE98FDC9}"
EndProject
Global
	GlobalSection(SolutionConfigurationPlatforms) = preSolution
		Debug|x64 = Debug|x64
		Debug|x86 = Debug|x86
		Release|x64 = Release|x64
		Release|x86 = Release|x86
	EndGlobalSection
	GlobalSection(ProjectConfigurationPlatforms) = postSolution
		{BADD5150-858B-4562-89C8-A8B2AE3F1C81}.Debug|x64.ActiveCfg = Debug|x64
		{BADD5150-858B-4562-89C8-A8B2AE3F1C81}.Debug|x64.Build.0 = Debug|x64
		{BADD5150-858B-4562-89C8-A8B2AE3F1C81}.Debug|x86.ActiveCfg = Debug|Win32
		{BADD5150-858B-4562-89C8-A8B2AE3F1C81}.Debug|x86.Build.0 = Debug|Win32
		{BADD5150-858B-4562-89C8-A8B2AE3F1C81}.Release|x64.ActiveCfg = Release|x64
		{BADD5150-858B-4562-89C8-A8B2AE3F1C81}.Release|x64.Build.0 = Release|x64
		{BADD5150-858B-4562-89C8-A8B2AE3F1C81}.Release|x86.ActiveCfg = Release|Win32
		{BADD5150-858B-4562-89C8-A8B2AE3F1C81}.Release|x86.Build.0 = Release|Win32
		{3A48B5EB-809A-4233-995E-C8DDAE98FDC9}.Debug|x64.ActiveCfg = Debug|x64
		{3A48B5EB-809A-4233-995E-C8DDAE98FDC9}.Debug|x64.Build.0 = Debug|x64
		{3A48B5EB-809A-4233-995E-C8DDAE98FDC9}.Debug|x86.ActiveCfg = Debug|Win32
		{3A48B5EB-809A-4233-995E-C8DDAE98FDC9}.Debug|x86.Build.0 = Debug|Win32
		{3A48B5EB-809A-4233-995E-C8DDAE98FDC9}.Release|x64.ActiveCfg = Release|x64
		{3A48B5EB-809A-4233-995E-C8DDAE98FDC9}.Release|x64.Build.0 = Release|x64
		{3A48B5EB-809A-4233-995E-C8DDAE98FDC9}.Release|x86.ActiveCfg = Release|Win32
		{3A48B5EB-809A-4233-995E-C8DDAE98FDC9}.Release|x86.Build.0 = Release|Win32
	EndGlobalSection
	GlobalSection(SolutionProperties) = preSolution
		HideSolutionNode = FALSE
	EndGlobalSection
	GlobalSection(ExtensibilityGlobals) = postSolution
		SolutionGuid = {A3F15F48-7A28-4DFE-8D68-7CD4C0B378DD}
	EndGlobalSection
EndGlobal
